
Microsoft Visual Studio Solution File, Format Version 12.00
# Visual Studio Version 17
VisualStudioVersion = 17.14.36109.1 d17.14
MinimumVisualStudioVersion = 10.0.40219.1
Project("{FAE04EC0-301F-11D3-BF4B-00C04F79EFBC}") = "Sistema", "Sistema.csproj", "{18D73386-2641-420C-B4B1-E7355E68DBA9}"
EndProject
Global
	GlobalSection(SolutionConfigurationPlatforms) = preSolution
		Debug|Any CPU = Debug|Any CPU
		Release|Any CPU = Release|Any CPU
	EndGlobalSection
	GlobalSection(ProjectConfigurationPlatforms) = postSolution
		{18D73386-2641-420C-B4B1-E7355E68DBA9}.Debug|Any CPU.ActiveCfg = Debug|Any CPU
		{18D73386-2641-420C-B4B1-E7355E68DBA9}.Debug|Any CPU.Build.0 = Debug|Any CPU
		{18D73386-2641-420C-B4B1-E7355E68DBA9}.Release|Any CPU.ActiveCfg = Release|Any CPU
		{18D73386-2641-420C-B4B1-E7355E68DBA9}.Release|Any CPU.Build.0 = Release|Any CPU
	EndGlobalSection
	GlobalSection(SolutionProperties) = preSolution
		HideSolutionNode = FALSE
	EndGlobalSection
	GlobalSection(ExtensibilityGlobals) = postSolution
		SolutionGuid = {F00C0CC1-E680-42E2-854F-488278975030}
	EndGlobalSection
EndGlobal
